// !$*UTF8*$!
{
	archiveVersion = 1;
	classes = {
	};
	objectVersion = 50;
	objects = {

/* Begin PBXBuildFile section */
		D930E7222333FF690033FD7C /* AppDelegate.swift in Sources */ = {isa = PBXBuildFile; fileRef = D930E7212333FF690033FD7C /* AppDelegate.swift */; };
		D930E7242333FF690033FD7C /* MainViewController.swift in Sources */ = {isa = PBXBuildFile; fileRef = D930E7232333FF690033FD7C /* MainViewController.swift */; };
		D930E7272333FF690033FD7C /* Main.storyboard in Resources */ = {isa = PBXBuildFile; fileRef = D930E7252333FF690033FD7C /* Main.storyboard */; };
		D930E7292333FF6B0033FD7C /* Assets.xcassets in Resources */ = {isa = PBXBuildFile; fileRef = D930E7282333FF6B0033FD7C /* Assets.xcassets */; };
		D930E72C2333FF6B0033FD7C /* LaunchScreen.storyboard in Resources */ = {isa = PBXBuildFile; fileRef = D930E72A2333FF6B0033FD7C /* LaunchScreen.storyboard */; };
		D985E47C23391555002140BF /* Default Data.swift in Sources */ = {isa = PBXBuildFile; fileRef = D985E47B23391555002140BF /* Default Data.swift */; };
		D98722CC2342762800AE6C8A /* DetailStudent.storyboard in Resources */ = {isa = PBXBuildFile; fileRef = D98722CB2342762800AE6C8A /* DetailStudent.storyboard */; };
		D98722CE234276DF00AE6C8A /* StudentDetailViewController.swift in Sources */ = {isa = PBXBuildFile; fileRef = D98722CD234276DF00AE6C8A /* StudentDetailViewController.swift */; };
		D98BB590233D040600ACE29E /* TeacherViewController.swift in Sources */ = {isa = PBXBuildFile; fileRef = D98BB58F233D040600ACE29E /* TeacherViewController.swift */; };
		D9905C70233535320027E871 /* Student.swift in Sources */ = {isa = PBXBuildFile; fileRef = D9905C6F233535320027E871 /* Student.swift */; };
		D9905C722335470D0027E871 /* Teacher.swift in Sources */ = {isa = PBXBuildFile; fileRef = D9905C712335470D0027E871 /* Teacher.swift */; };
		D9905C74233547410027E871 /* Subject.swift in Sources */ = {isa = PBXBuildFile; fileRef = D9905C73233547410027E871 /* Subject.swift */; };
		D99B237B233BB11C0003276D /* StudentViewController.swift in Sources */ = {isa = PBXBuildFile; fileRef = D99B237A233BB11C0003276D /* StudentViewController.swift */; };
		D99B237D233BD5DC0003276D /* PersonViewCell.swift in Sources */ = {isa = PBXBuildFile; fileRef = D99B237C233BD5DC0003276D /* PersonViewCell.swift */; };
		D99EF849234281490055245F /* DetailTeacher.storyboard in Resources */ = {isa = PBXBuildFile; fileRef = D99EF848234281490055245F /* DetailTeacher.storyboard */; };
		D99EF84B234281B40055245F /* TeacherDetailViewController.swift in Sources */ = {isa = PBXBuildFile; fileRef = D99EF84A234281B40055245F /* TeacherDetailViewController.swift */; };
		D9A71613233E5D6A005EDE29 /* UIView+Utils.swift in Sources */ = {isa = PBXBuildFile; fileRef = D9A71612233E5D6A005EDE29 /* UIView+Utils.swift */; };
		D9A71615233E6986005EDE29 /* DetailSubject.storyboard in Resources */ = {isa = PBXBuildFile; fileRef = D9A71614233E6986005EDE29 /* DetailSubject.storyboard */; };
		D9A71619233E7B87005EDE29 /* SubjectDetailViewController.swift in Sources */ = {isa = PBXBuildFile; fileRef = D9A71618233E7B87005EDE29 /* SubjectDetailViewController.swift */; };
		D9A7161B233E80FE005EDE29 /* DetailViewCell.swift in Sources */ = {isa = PBXBuildFile; fileRef = D9A7161A233E80FE005EDE29 /* DetailViewCell.swift */; };
		D9FC1136233D293800FB1E07 /* SubjectViewController.swift in Sources */ = {isa = PBXBuildFile; fileRef = D9FC1135233D293800FB1E07 /* SubjectViewController.swift */; };
/* End PBXBuildFile section */

/* Begin PBXFileReference section */
		D930E71E2333FF690033FD7C /* CursoiOS.app */ = {isa = PBXFileReference; explicitFileType = wrapper.application; includeInIndex = 0; path = CursoiOS.app; sourceTree = BUILT_PRODUCTS_DIR; };
		D930E7212333FF690033FD7C /* AppDelegate.swift */ = {isa = PBXFileReference; lastKnownFileType = sourcecode.swift; path = AppDelegate.swift; sourceTree = "<group>"; };
		D930E7232333FF690033FD7C /* MainViewController.swift */ = {isa = PBXFileReference; lastKnownFileType = sourcecode.swift; path = MainViewController.swift; sourceTree = "<group>"; };
		D930E7262333FF690033FD7C /* Base */ = {isa = PBXFileReference; lastKnownFileType = file.storyboard; name = Base; path = Base.lproj/Main.storyboard; sourceTree = "<group>"; };
		D930E7282333FF6B0033FD7C /* Assets.xcassets */ = {isa = PBXFileReference; lastKnownFileType = folder.assetcatalog; path = Assets.xcassets; sourceTree = "<group>"; };
		D930E72B2333FF6B0033FD7C /* Base */ = {isa = PBXFileReference; lastKnownFileType = file.storyboard; name = Base; path = Base.lproj/LaunchScreen.storyboard; sourceTree = "<group>"; };
		D930E72D2333FF6B0033FD7C /* Info.plist */ = {isa = PBXFileReference; lastKnownFileType = text.plist.xml; path = Info.plist; sourceTree = "<group>"; };
		D985E47B23391555002140BF /* Default Data.swift */ = {isa = PBXFileReference; lastKnownFileType = sourcecode.swift; path = "Default Data.swift"; sourceTree = "<group>"; };
		D98722CB2342762800AE6C8A /* DetailStudent.storyboard */ = {isa = PBXFileReference; lastKnownFileType = file.storyboard; path = DetailStudent.storyboard; sourceTree = "<group>"; };
		D98722CD234276DF00AE6C8A /* StudentDetailViewController.swift */ = {isa = PBXFileReference; lastKnownFileType = sourcecode.swift; path = StudentDetailViewController.swift; sourceTree = "<group>"; };
		D98BB58F233D040600ACE29E /* TeacherViewController.swift */ = {isa = PBXFileReference; lastKnownFileType = sourcecode.swift; path = TeacherViewController.swift; sourceTree = "<group>"; };
		D9905C6F233535320027E871 /* Student.swift */ = {isa = PBXFileReference; lastKnownFileType = sourcecode.swift; path = Student.swift; sourceTree = "<group>"; };
		D9905C712335470D0027E871 /* Teacher.swift */ = {isa = PBXFileReference; lastKnownFileType = sourcecode.swift; path = Teacher.swift; sourceTree = "<group>"; };
		D9905C73233547410027E871 /* Subject.swift */ = {isa = PBXFileReference; lastKnownFileType = sourcecode.swift; path = Subject.swift; sourceTree = "<group>"; };
		D99B237A233BB11C0003276D /* StudentViewController.swift */ = {isa = PBXFileReference; lastKnownFileType = sourcecode.swift; path = StudentViewController.swift; sourceTree = "<group>"; };
		D99B237C233BD5DC0003276D /* PersonViewCell.swift */ = {isa = PBXFileReference; lastKnownFileType = sourcecode.swift; path = PersonViewCell.swift; sourceTree = "<group>"; };
		D99EF848234281490055245F /* DetailTeacher.storyboard */ = {isa = PBXFileReference; lastKnownFileType = file.storyboard; path = DetailTeacher.storyboard; sourceTree = "<group>"; };
		D99EF84A234281B40055245F /* TeacherDetailViewController.swift */ = {isa = PBXFileReference; lastKnownFileType = sourcecode.swift; path = TeacherDetailViewController.swift; sourceTree = "<group>"; };
		D9A71612233E5D6A005EDE29 /* UIView+Utils.swift */ = {isa = PBXFileReference; lastKnownFileType = sourcecode.swift; path = "UIView+Utils.swift"; sourceTree = "<group>"; };
		D9A71614233E6986005EDE29 /* DetailSubject.storyboard */ = {isa = PBXFileReference; lastKnownFileType = file.storyboard; path = DetailSubject.storyboard; sourceTree = "<group>"; };
		D9A71618233E7B87005EDE29 /* SubjectDetailViewController.swift */ = {isa = PBXFileReference; lastKnownFileType = sourcecode.swift; path = SubjectDetailViewController.swift; sourceTree = "<group>"; };
		D9A7161A233E80FE005EDE29 /* DetailViewCell.swift */ = {isa = PBXFileReference; lastKnownFileType = sourcecode.swift; path = DetailViewCell.swift; sourceTree = "<group>"; };
		D9FC1135233D293800FB1E07 /* SubjectViewController.swift */ = {isa = PBXFileReference; lastKnownFileType = sourcecode.swift; path = SubjectViewController.swift; sourceTree = "<group>"; };
/* End PBXFileReference section */

/* Begin PBXFrameworksBuildPhase section */
		D930E71B2333FF690033FD7C /* Frameworks */ = {
			isa = PBXFrameworksBuildPhase;
			buildActionMask = 2147483647;
			files = (
			);
			runOnlyForDeploymentPostprocessing = 0;
		};
/* End PBXFrameworksBuildPhase section */

/* Begin PBXGroup section */
		D930E7152333FF690033FD7C = {
			isa = PBXGroup;
			children = (
				D930E7202333FF690033FD7C /* CursoiOS */,
				D930E71F2333FF690033FD7C /* Products */,
			);
			sourceTree = "<group>";
		};
		D930E71F2333FF690033FD7C /* Products */ = {
			isa = PBXGroup;
			children = (
				D930E71E2333FF690033FD7C /* CursoiOS.app */,
			);
			name = Products;
			sourceTree = "<group>";
		};
		D930E7202333FF690033FD7C /* CursoiOS */ = {
			isa = PBXGroup;
			children = (
				D9905C6623352B1B0027E871 /* App */,
				D9905C6723352B810027E871 /* Data */,
				D9905C6823352B920027E871 /* Resources */,
				D9905C6923352BDB0027E871 /* UI */,
			);
			path = CursoiOS;
			sourceTree = "<group>";
		};
		D9905C6623352B1B0027E871 /* App */ = {
			isa = PBXGroup;
			children = (
				D9A71611233E5D32005EDE29 /* Extensions */,
				D930E7212333FF690033FD7C /* AppDelegate.swift */,
				D930E72D2333FF6B0033FD7C /* Info.plist */,
			);
			path = App;
			sourceTree = "<group>";
		};
		D9905C6723352B810027E871 /* Data */ = {
			isa = PBXGroup;
			children = (
				D9905C6D233532AD0027E871 /* Local */,
			);
			path = Data;
			sourceTree = "<group>";
		};
		D9905C6823352B920027E871 /* Resources */ = {
			isa = PBXGroup;
			children = (
				D930E7282333FF6B0033FD7C /* Assets.xcassets */,
			);
			path = Resources;
			sourceTree = "<group>";
		};
		D9905C6923352BDB0027E871 /* UI */ = {
			isa = PBXGroup;
			children = (
				D9905C6B23352C120027E871 /* Controllers */,
				D9905C6A23352C050027E871 /* Views */,
			);
			path = UI;
			sourceTree = "<group>";
		};
		D9905C6A23352C050027E871 /* Views */ = {
			isa = PBXGroup;
			children = (
				D9905C6C23352C630027E871 /* Storyboards */,
			);
			path = Views;
			sourceTree = "<group>";
		};
		D9905C6B23352C120027E871 /* Controllers */ = {
			isa = PBXGroup;
			children = (
				D930E7232333FF690033FD7C /* MainViewController.swift */,
				D99B237A233BB11C0003276D /* StudentViewController.swift */,
				D99B237C233BD5DC0003276D /* PersonViewCell.swift */,
				D98BB58F233D040600ACE29E /* TeacherViewController.swift */,
				D9FC1135233D293800FB1E07 /* SubjectViewController.swift */,
				D9A71618233E7B87005EDE29 /* SubjectDetailViewController.swift */,
				D9A7161A233E80FE005EDE29 /* DetailViewCell.swift */,
				D98722CD234276DF00AE6C8A /* StudentDetailViewController.swift */,
				D99EF84A234281B40055245F /* TeacherDetailViewController.swift */,
			);
			path = Controllers;
			sourceTree = "<group>";
		};
		D9905C6C23352C630027E871 /* Storyboards */ = {
			isa = PBXGroup;
			children = (
				D930E7252333FF690033FD7C /* Main.storyboard */,
				D930E72A2333FF6B0033FD7C /* LaunchScreen.storyboard */,
				D9A71614233E6986005EDE29 /* DetailSubject.storyboard */,
				D98722CB2342762800AE6C8A /* DetailStudent.storyboard */,
				D99EF848234281490055245F /* DetailTeacher.storyboard */,
			);
			path = Storyboards;
			sourceTree = "<group>";
		};
		D9905C6D233532AD0027E871 /* Local */ = {
			isa = PBXGroup;
			children = (
				D985E47B23391555002140BF /* Default Data.swift */,
				D9905C6E233532BC0027E871 /* Models */,
			);
			path = Local;
			sourceTree = "<group>";
		};
		D9905C6E233532BC0027E871 /* Models */ = {
			isa = PBXGroup;
			children = (
				D9905C6F233535320027E871 /* Student.swift */,
				D9905C712335470D0027E871 /* Teacher.swift */,
				D9905C73233547410027E871 /* Subject.swift */,
			);
			path = Models;
			sourceTree = "<group>";
		};
		D9A71611233E5D32005EDE29 /* Extensions */ = {
			isa = PBXGroup;
			children = (
				D9A71612233E5D6A005EDE29 /* UIView+Utils.swift */,
			);
			path = Extensions;
			sourceTree = "<group>";
		};
/* End PBXGroup section */

/* Begin PBXNativeTarget section */
		D930E71D2333FF690033FD7C /* CursoiOS */ = {
			isa = PBXNativeTarget;
			buildConfigurationList = D930E7302333FF6B0033FD7C /* Build configuration list for PBXNativeTarget "CursoiOS" */;
			buildPhases = (
				D930E71A2333FF690033FD7C /* Sources */,
				D930E71B2333FF690033FD7C /* Frameworks */,
				D930E71C2333FF690033FD7C /* Resources */,
			);
			buildRules = (
			);
			dependencies = (
			);
			name = CursoiOS;
			productName = CursoiOS;
			productReference = D930E71E2333FF690033FD7C /* CursoiOS.app */;
			productType = "com.apple.product-type.application";
		};
/* End PBXNativeTarget section */

/* Begin PBXProject section */
		D930E7162333FF690033FD7C /* Project object */ = {
			isa = PBXProject;
			attributes = {
				LastSwiftUpdateCheck = 1030;
				LastUpgradeCheck = 1030;
				ORGANIZATIONNAME = Dev2;
				TargetAttributes = {
					D930E71D2333FF690033FD7C = {
						CreatedOnToolsVersion = 10.3;
					};
				};
			};
			buildConfigurationList = D930E7192333FF690033FD7C /* Build configuration list for PBXProject "CursoiOS" */;
			compatibilityVersion = "Xcode 9.3";
			developmentRegion = en;
			hasScannedForEncodings = 0;
			knownRegions = (
				en,
				Base,
			);
			mainGroup = D930E7152333FF690033FD7C;
			productRefGroup = D930E71F2333FF690033FD7C /* Products */;
			projectDirPath = "";
			projectRoot = "";
			targets = (
				D930E71D2333FF690033FD7C /* CursoiOS */,
			);
		};
/* End PBXProject section */

/* Begin PBXResourcesBuildPhase section */
		D930E71C2333FF690033FD7C /* Resources */ = {
			isa = PBXResourcesBuildPhase;
			buildActionMask = 2147483647;
			files = (
				D930E72C2333FF6B0033FD7C /* LaunchScreen.storyboard in Resources */,
				D930E7292333FF6B0033FD7C /* Assets.xcassets in Resources */,
				D99EF849234281490055245F /* DetailTeacher.storyboard in Resources */,
				D930E7272333FF690033FD7C /* Main.storyboard in Resources */,
				D98722CC2342762800AE6C8A /* DetailStudent.storyboard in Resources */,
				D9A71615233E6986005EDE29 /* DetailSubject.storyboard in Resources */,
			);
			runOnlyForDeploymentPostprocessing = 0;
		};
/* End PBXResourcesBuildPhase section */

/* Begin PBXSourcesBuildPhase section */
		D930E71A2333FF690033FD7C /* Sources */ = {
			isa = PBXSourcesBuildPhase;
			buildActionMask = 2147483647;
			files = (
				D985E47C23391555002140BF /* Default Data.swift in Sources */,
				D9FC1136233D293800FB1E07 /* SubjectViewController.swift in Sources */,
				D98722CE234276DF00AE6C8A /* StudentDetailViewController.swift in Sources */,
				D9905C722335470D0027E871 /* Teacher.swift in Sources */,
				D99B237D233BD5DC0003276D /* PersonViewCell.swift in Sources */,
				D9905C74233547410027E871 /* Subject.swift in Sources */,
				D930E7242333FF690033FD7C /* MainViewController.swift in Sources */,
				D9A71619233E7B87005EDE29 /* SubjectDetailViewController.swift in Sources */,
				D9A71613233E5D6A005EDE29 /* UIView+Utils.swift in Sources */,
				D9A7161B233E80FE005EDE29 /* DetailViewCell.swift in Sources */,
				D98BB590233D040600ACE29E /* TeacherViewController.swift in Sources */,
				D9905C70233535320027E871 /* Student.swift in Sources */,
				D99B237B233BB11C0003276D /* StudentViewController.swift in Sources */,
				D99EF84B234281B40055245F /* TeacherDetailViewController.swift in Sources */,
				D930E7222333FF690033FD7C /* AppDelegate.swift in Sources */,
			);
			runOnlyForDeploymentPostprocessing = 0;
		};
/* End PBXSourcesBuildPhase section */

/* Begin PBXVariantGroup section */
		D930E7252333FF690033FD7C /* Main.storyboard */ = {
			isa = PBXVariantGroup;
			children = (
				D930E7262333FF690033FD7C /* Base */,
			);
			name = Main.storyboard;
			sourceTree = "<group>";
		};
		D930E72A2333FF6B0033FD7C /* LaunchScreen.storyboard */ = {
			isa = PBXVariantGroup;
			children = (
				D930E72B2333FF6B0033FD7C /* Base */,
			);
			name = LaunchScreen.storyboard;
			sourceTree = "<group>";
		};
/* End PBXVariantGroup section */

/* Begin XCBuildConfiguration section */
		D930E72E2333FF6B0033FD7C /* Debug */ = {
			isa = XCBuildConfiguration;
			buildSettings = {
				ALWAYS_SEARCH_USER_PATHS = NO;
				CLANG_ANALYZER_NONNULL = YES;
				CLANG_ANALYZER_NUMBER_OBJECT_CONVERSION = YES_AGGRESSIVE;
				CLANG_CXX_LANGUAGE_STANDARD = "gnu++14";
				CLANG_CXX_LIBRARY = "libc++";
				CLANG_ENABLE_MODULES = YES;
				CLANG_ENABLE_OBJC_ARC = YES;
				CLANG_ENABLE_OBJC_WEAK = YES;
				CLANG_WARN_BLOCK_CAPTURE_AUTORELEASING = YES;
				CLANG_WARN_BOOL_CONVERSION = YES;
				CLANG_WARN_COMMA = YES;
				CLANG_WARN_CONSTANT_CONVERSION = YES;
				CLANG_WARN_DEPRECATED_OBJC_IMPLEMENTATIONS = YES;
				CLANG_WARN_DIRECT_OBJC_ISA_USAGE = YES_ERROR;
				CLANG_WARN_DOCUMENTATION_COMMENTS = YES;
				CLANG_WARN_EMPTY_BODY = YES;
				CLANG_WARN_ENUM_CONVERSION = YES;
				CLANG_WARN_INFINITE_RECURSION = YES;
				CLANG_WARN_INT_CONVERSION = YES;
				CLANG_WARN_NON_LITERAL_NULL_CONVERSION = YES;
				CLANG_WARN_OBJC_IMPLICIT_RETAIN_SELF = YES;
				CLANG_WARN_OBJC_LITERAL_CONVERSION = YES;
				CLANG_WARN_OBJC_ROOT_CLASS = YES_ERROR;
				CLANG_WARN_RANGE_LOOP_ANALYSIS = YES;
				CLANG_WARN_STRICT_PROTOTYPES = YES;
				CLANG_WARN_SUSPICIOUS_MOVE = YES;
				CLANG_WARN_UNGUARDED_AVAILABILITY = YES_AGGRESSIVE;
				CLANG_WARN_UNREACHABLE_CODE = YES;
				CLANG_WARN__DUPLICATE_METHOD_MATCH = YES;
				CODE_SIGN_IDENTITY = "iPhone Developer";
				COPY_PHASE_STRIP = NO;
				DEBUG_INFORMATION_FORMAT = dwarf;
				ENABLE_STRICT_OBJC_MSGSEND = YES;
				ENABLE_TESTABILITY = YES;
				GCC_C_LANGUAGE_STANDARD = gnu11;
				GCC_DYNAMIC_NO_PIC = NO;
				GCC_NO_COMMON_BLOCKS = YES;
				GCC_OPTIMIZATION_LEVEL = 0;
				GCC_PREPROCESSOR_DEFINITIONS = (
					"DEBUG=1",
					"$(inherited)",
				);
				GCC_WARN_64_TO_32_BIT_CONVERSION = YES;
				GCC_WARN_ABOUT_RETURN_TYPE = YES_ERROR;
				GCC_WARN_UNDECLARED_SELECTOR = YES;
				GCC_WARN_UNINITIALIZED_AUTOS = YES_AGGRESSIVE;
				GCC_WARN_UNUSED_FUNCTION = YES;
				GCC_WARN_UNUSED_VARIABLE = YES;
				IPHONEOS_DEPLOYMENT_TARGET = 12.4;
				MTL_ENABLE_DEBUG_INFO = INCLUDE_SOURCE;
				MTL_FAST_MATH = YES;
				ONLY_ACTIVE_ARCH = YES;
				SDKROOT = iphoneos;
				SWIFT_ACTIVE_COMPILATION_CONDITIONS = DEBUG;
				SWIFT_OPTIMIZATION_LEVEL = "-Onone";
				SWIFT_VERSION = 5.0;
			};
			name = Debug;
		};
		D930E72F2333FF6B0033FD7C /* Release */ = {
			isa = XCBuildConfiguration;
			buildSettings = {
				ALWAYS_SEARCH_USER_PATHS = NO;
				CLANG_ANALYZER_NONNULL = YES;
				CLANG_ANALYZER_NUMBER_OBJECT_CONVERSION = YES_AGGRESSIVE;
				CLANG_CXX_LANGUAGE_STANDARD = "gnu++14";
				CLANG_CXX_LIBRARY = "libc++";
				CLANG_ENABLE_MODULES = YES;
				CLANG_ENABLE_OBJC_ARC = YES;
				CLANG_ENABLE_OBJC_WEAK = YES;
				CLANG_WARN_BLOCK_CAPTURE_AUTORELEASING = YES;
				CLANG_WARN_BOOL_CONVERSION = YES;
				CLANG_WARN_COMMA = YES;
				CLANG_WARN_CONSTANT_CONVERSION = YES;
				CLANG_WARN_DEPRECATED_OBJC_IMPLEMENTATIONS = YES;
				CLANG_WARN_DIRECT_OBJC_ISA_USAGE = YES_ERROR;
				CLANG_WARN_DOCUMENTATION_COMMENTS = YES;
				CLANG_WARN_EMPTY_BODY = YES;
				CLANG_WARN_ENUM_CONVERSION = YES;
				CLANG_WARN_INFINITE_RECURSION = YES;
				CLANG_WARN_INT_CONVERSION = YES;
				CLANG_WARN_NON_LITERAL_NULL_CONVERSION = YES;
				CLANG_WARN_OBJC_IMPLICIT_RETAIN_SELF = YES;
				CLANG_WARN_OBJC_LITERAL_CONVERSION = YES;
				CLANG_WARN_OBJC_ROOT_CLASS = YES_ERROR;
				CLANG_WARN_RANGE_LOOP_ANALYSIS = YES;
				CLANG_WARN_STRICT_PROTOTYPES = YES;
				CLANG_WARN_SUSPICIOUS_MOVE = YES;
				CLANG_WARN_UNGUARDED_AVAILABILITY = YES_AGGRESSIVE;
				CLANG_WARN_UNREACHABLE_CODE = YES;
				CLANG_WARN__DUPLICATE_METHOD_MATCH = YES;
				CODE_SIGN_IDENTITY = "iPhone Developer";
				COPY_PHASE_STRIP = NO;
				DEBUG_INFORMATION_FORMAT = "dwarf-with-dsym";
				ENABLE_NS_ASSERTIONS = NO;
				ENABLE_STRICT_OBJC_MSGSEND = YES;
				GCC_C_LANGUAGE_STANDARD = gnu11;
				GCC_NO_COMMON_BLOCKS = YES;
				GCC_WARN_64_TO_32_BIT_CONVERSION = YES;
				GCC_WARN_ABOUT_RETURN_TYPE = YES_ERROR;
				GCC_WARN_UNDECLARED_SELECTOR = YES;
				GCC_WARN_UNINITIALIZED_AUTOS = YES_AGGRESSIVE;
				GCC_WARN_UNUSED_FUNCTION = YES;
				GCC_WARN_UNUSED_VARIABLE = YES;
				IPHONEOS_DEPLOYMENT_TARGET = 12.4;
				MTL_ENABLE_DEBUG_INFO = NO;
				MTL_FAST_MATH = YES;
				SDKROOT = iphoneos;
				SWIFT_COMPILATION_MODE = wholemodule;
				SWIFT_OPTIMIZATION_LEVEL = "-O";
				SWIFT_VERSION = 5.0;
				VALIDATE_PRODUCT = YES;
			};
			name = Release;
		};
		D930E7312333FF6B0033FD7C /* Debug */ = {
			isa = XCBuildConfiguration;
			buildSettings = {
				ASSETCATALOG_COMPILER_APPICON_NAME = AppIcon;
				CODE_SIGN_STYLE = Manual;
				DEVELOPMENT_TEAM = "";
				INFOPLIST_FILE = "$(SRCROOT)/CursoiOS/App/Info.plist";
				LD_RUNPATH_SEARCH_PATHS = (
					"$(inherited)",
					"@executable_path/Frameworks",
				);
				PRODUCT_BUNDLE_IDENTIFIER = com.ds.CursoiOS;
				PRODUCT_NAME = "$(TARGET_NAME)";
				PROVISIONING_PROFILE_SPECIFIER = "";
				SWIFT_VERSION = 5.0;
				TARGETED_DEVICE_FAMILY = "1,2";
			};
			name = Debug;
		};
		D930E7322333FF6B0033FD7C /* Release */ = {
			isa = XCBuildConfiguration;
			buildSettings = {
				ASSETCATALOG_COMPILER_APPICON_NAME = AppIcon;
				CODE_SIGN_STYLE = Manual;
				DEVELOPMENT_TEAM = "";
				INFOPLIST_FILE = "$(SRCROOT)/CursoiOS/App/Info.plist";
				LD_RUNPATH_SEARCH_PATHS = (
					"$(inherited)",
					"@executable_path/Frameworks",
				);
				PRODUCT_BUNDLE_IDENTIFIER = com.ds.CursoiOS;
				PRODUCT_NAME = "$(TARGET_NAME)";
				PROVISIONING_PROFILE_SPECIFIER = "";
				SWIFT_VERSION = 5.0;
				TARGETED_DEVICE_FAMILY = "1,2";
			};
			name = Release;
		};
/* End XCBuildConfiguration section */

/* Begin XCConfigurationList section */
		D930E7192333FF690033FD7C /* Build configuration list for PBXProject "CursoiOS" */ = {
			isa = XCConfigurationList;
			buildConfigurations = (
				D930E72E2333FF6B0033FD7C /* Debug */,
				D930E72F2333FF6B0033FD7C /* Release */,
			);
			defaultConfigurationIsVisible = 0;
			defaultConfigurationName = Release;
		};
		D930E7302333FF6B0033FD7C /* Build configuration list for PBXNativeTarget "CursoiOS" */ = {
			isa = XCConfigurationList;
			buildConfigurations = (
				D930E7312333FF6B0033FD7C /* Debug */,
				D930E7322333FF6B0033FD7C /* Release */,
			);
			defaultConfigurationIsVisible = 0;
			defaultConfigurationName = Release;
		};
/* End XCConfigurationList section */
	};
	rootObject = D930E7162333FF690033FD7C /* Project object */;
}
